// !$*UTF8*$!
{
	archiveVersion = 1;
	classes = {
	};
	objectVersion = 56;
	objects = {

/* Begin PBXBuildFile section */
		32E685B186DFCB3DEBDDFEF2 /* Pods_BrightSkies.framework in Frameworks */ = {isa = PBXBuildFile; fileRef = E5ADFA2C60CC39AE6EEECDC4 /* Pods_BrightSkies.framework */; };
		359FA8CBA8815AE5AE01D744 /* Pods_BrightSkiesTests.framework in Frameworks */ = {isa = PBXBuildFile; fileRef = FDB8DE60E369659FF8945570 /* Pods_BrightSkiesTests.framework */; };
		373E1F6F6512A5F05E45D510 /* Pods_BrightSkies_BrightSkiesUITests.framework in Frameworks */ = {isa = PBXBuildFile; fileRef = F9D307A129E44DC59F8BFF8F /* Pods_BrightSkies_BrightSkiesUITests.framework */; };
		4842FE252A90190800120BA3 /* APIs.swift in Sources */ = {isa = PBXBuildFile; fileRef = 4842FE1E2A90190800120BA3 /* APIs.swift */; };
		4842FE262A90190800120BA3 /* GeneralRespone.swift in Sources */ = {isa = PBXBuildFile; fileRef = 4842FE212A90190800120BA3 /* GeneralRespone.swift */; };
		4842FE272A90190800120BA3 /* Reachability.swift in Sources */ = {isa = PBXBuildFile; fileRef = 4842FE222A90190800120BA3 /* Reachability.swift */; };
		4842FE282A90190800120BA3 /* WebServices.swift in Sources */ = {isa = PBXBuildFile; fileRef = 4842FE232A90190800120BA3 /* WebServices.swift */; };
		4842FE292A90190800120BA3 /* NetworkRequest.swift in Sources */ = {isa = PBXBuildFile; fileRef = 4842FE242A90190800120BA3 /* NetworkRequest.swift */; };
		4842FE2C2A901A4500120BA3 /* LoginViewController.swift in Sources */ = {isa = PBXBuildFile; fileRef = 4842FE2B2A901A4500120BA3 /* LoginViewController.swift */; };
		4842FE2E2A901A7300120BA3 /* Login.storyboard in Resources */ = {isa = PBXBuildFile; fileRef = 4842FE2D2A901A7300120BA3 /* Login.storyboard */; };
		4842FE322A901D0E00120BA3 /* HomeViewModel.swift in Sources */ = {isa = PBXBuildFile; fileRef = 4842FE312A901D0E00120BA3 /* HomeViewModel.swift */; };
		4842FE342A901D3A00120BA3 /* LoginViewModel.swift in Sources */ = {isa = PBXBuildFile; fileRef = 4842FE332A901D3A00120BA3 /* LoginViewModel.swift */; };
		48E941ED2A89514D000D99DD /* AppDelegate.swift in Sources */ = {isa = PBXBuildFile; fileRef = 48E941EC2A89514D000D99DD /* AppDelegate.swift */; };
		48E941EF2A89514D000D99DD /* SceneDelegate.swift in Sources */ = {isa = PBXBuildFile; fileRef = 48E941EE2A89514D000D99DD /* SceneDelegate.swift */; };
		48E941F12A89514D000D99DD /* HomeViewController.swift in Sources */ = {isa = PBXBuildFile; fileRef = 48E941F02A89514D000D99DD /* HomeViewController.swift */; };
		48E941F42A89514D000D99DD /* Home.storyboard in Resources */ = {isa = PBXBuildFile; fileRef = 48E941F22A89514D000D99DD /* Home.storyboard */; };
		48E941F62A89514E000D99DD /* Assets.xcassets in Resources */ = {isa = PBXBuildFile; fileRef = 48E941F52A89514E000D99DD /* Assets.xcassets */; };
		48E941F92A89514E000D99DD /* LaunchScreen.storyboard in Resources */ = {isa = PBXBuildFile; fileRef = 48E941F72A89514E000D99DD /* LaunchScreen.storyboard */; };
		48E942042A89514F000D99DD /* BrightSkiesTests.swift in Sources */ = {isa = PBXBuildFile; fileRef = 48E942032A89514F000D99DD /* BrightSkiesTests.swift */; };
		48E9420E2A89514F000D99DD /* BrightSkiesUITests.swift in Sources */ = {isa = PBXBuildFile; fileRef = 48E9420D2A89514F000D99DD /* BrightSkiesUITests.swift */; };
		48E942102A89514F000D99DD /* BrightSkiesUITestsLaunchTests.swift in Sources */ = {isa = PBXBuildFile; fileRef = 48E9420F2A89514F000D99DD /* BrightSkiesUITestsLaunchTests.swift */; };
		48E944402A896860000D99DD /* AlertsManger.swift in Sources */ = {isa = PBXBuildFile; fileRef = 48E9443F2A896860000D99DD /* AlertsManger.swift */; };
/* End PBXBuildFile section */

/* Begin PBXContainerItemProxy section */
		48E942002A89514F000D99DD /* PBXContainerItemProxy */ = {
			isa = PBXContainerItemProxy;
			containerPortal = 48E941E12A89514D000D99DD /* Project object */;
			proxyType = 1;
			remoteGlobalIDString = 48E941E82A89514D000D99DD;
			remoteInfo = BrightSkies;
		};
		48E9420A2A89514F000D99DD /* PBXContainerItemProxy */ = {
			isa = PBXContainerItemProxy;
			containerPortal = 48E941E12A89514D000D99DD /* Project object */;
			proxyType = 1;
			remoteGlobalIDString = 48E941E82A89514D000D99DD;
			remoteInfo = BrightSkies;
		};
/* End PBXContainerItemProxy section */

/* Begin PBXFileReference section */
		17A920AFB2157B810F70D27C /* Pods-BrightSkies-BrightSkiesUITests.release.xcconfig */ = {isa = PBXFileReference; includeInIndex = 1; lastKnownFileType = text.xcconfig; name = "Pods-BrightSkies-BrightSkiesUITests.release.xcconfig"; path = "Target Support Files/Pods-BrightSkies-BrightSkiesUITests/Pods-BrightSkies-BrightSkiesUITests.release.xcconfig"; sourceTree = "<group>"; };
		4842FE1E2A90190800120BA3 /* APIs.swift */ = {isa = PBXFileReference; fileEncoding = 4; lastKnownFileType = sourcecode.swift; path = APIs.swift; sourceTree = "<group>"; };
		4842FE212A90190800120BA3 /* GeneralRespone.swift */ = {isa = PBXFileReference; fileEncoding = 4; lastKnownFileType = sourcecode.swift; path = GeneralRespone.swift; sourceTree = "<group>"; };
		4842FE222A90190800120BA3 /* Reachability.swift */ = {isa = PBXFileReference; fileEncoding = 4; lastKnownFileType = sourcecode.swift; path = Reachability.swift; sourceTree = "<group>"; };
		4842FE232A90190800120BA3 /* WebServices.swift */ = {isa = PBXFileReference; fileEncoding = 4; lastKnownFileType = sourcecode.swift; path = WebServices.swift; sourceTree = "<group>"; };
		4842FE242A90190800120BA3 /* NetworkRequest.swift */ = {isa = PBXFileReference; fileEncoding = 4; lastKnownFileType = sourcecode.swift; path = NetworkRequest.swift; sourceTree = "<group>"; };
		4842FE2B2A901A4500120BA3 /* LoginViewController.swift */ = {isa = PBXFileReference; lastKnownFileType = sourcecode.swift; path = LoginViewController.swift; sourceTree = "<group>"; };
		4842FE2D2A901A7300120BA3 /* Login.storyboard */ = {isa = PBXFileReference; lastKnownFileType = file.storyboard; path = Login.storyboard; sourceTree = "<group>"; };
		4842FE312A901D0E00120BA3 /* HomeViewModel.swift */ = {isa = PBXFileReference; fileEncoding = 4; lastKnownFileType = sourcecode.swift; path = HomeViewModel.swift; sourceTree = "<group>"; };
		4842FE332A901D3A00120BA3 /* LoginViewModel.swift */ = {isa = PBXFileReference; fileEncoding = 4; lastKnownFileType = sourcecode.swift; path = LoginViewModel.swift; sourceTree = "<group>"; };
		48E941E92A89514D000D99DD /* BrightSkies.app */ = {isa = PBXFileReference; explicitFileType = wrapper.application; includeInIndex = 0; path = BrightSkies.app; sourceTree = BUILT_PRODUCTS_DIR; };
		48E941EC2A89514D000D99DD /* AppDelegate.swift */ = {isa = PBXFileReference; lastKnownFileType = sourcecode.swift; path = AppDelegate.swift; sourceTree = "<group>"; };
		48E941EE2A89514D000D99DD /* SceneDelegate.swift */ = {isa = PBXFileReference; lastKnownFileType = sourcecode.swift; path = SceneDelegate.swift; sourceTree = "<group>"; };
		48E941F02A89514D000D99DD /* HomeViewController.swift */ = {isa = PBXFileReference; lastKnownFileType = sourcecode.swift; path = HomeViewController.swift; sourceTree = "<group>"; };
		48E941F32A89514D000D99DD /* Base */ = {isa = PBXFileReference; lastKnownFileType = file.storyboard; name = Base; path = Base.lproj/Home.storyboard; sourceTree = "<group>"; };
		48E941F52A89514E000D99DD /* Assets.xcassets */ = {isa = PBXFileReference; lastKnownFileType = folder.assetcatalog; path = Assets.xcassets; sourceTree = "<group>"; };
		48E941F82A89514E000D99DD /* Base */ = {isa = PBXFileReference; lastKnownFileType = file.storyboard; name = Base; path = Base.lproj/LaunchScreen.storyboard; sourceTree = "<group>"; };
		48E941FA2A89514E000D99DD /* Info.plist */ = {isa = PBXFileReference; lastKnownFileType = text.plist.xml; path = Info.plist; sourceTree = "<group>"; };
		48E941FF2A89514F000D99DD /* BrightSkiesTests.xctest */ = {isa = PBXFileReference; explicitFileType = wrapper.cfbundle; includeInIndex = 0; path = BrightSkiesTests.xctest; sourceTree = BUILT_PRODUCTS_DIR; };
		48E942032A89514F000D99DD /* BrightSkiesTests.swift */ = {isa = PBXFileReference; lastKnownFileType = sourcecode.swift; path = BrightSkiesTests.swift; sourceTree = "<group>"; };
		48E942092A89514F000D99DD /* BrightSkiesUITests.xctest */ = {isa = PBXFileReference; explicitFileType = wrapper.cfbundle; includeInIndex = 0; path = BrightSkiesUITests.xctest; sourceTree = BUILT_PRODUCTS_DIR; };
		48E9420D2A89514F000D99DD /* BrightSkiesUITests.swift */ = {isa = PBXFileReference; lastKnownFileType = sourcecode.swift; path = BrightSkiesUITests.swift; sourceTree = "<group>"; };
		48E9420F2A89514F000D99DD /* BrightSkiesUITestsLaunchTests.swift */ = {isa = PBXFileReference; lastKnownFileType = sourcecode.swift; path = BrightSkiesUITestsLaunchTests.swift; sourceTree = "<group>"; };
		48E9443F2A896860000D99DD /* AlertsManger.swift */ = {isa = PBXFileReference; fileEncoding = 4; lastKnownFileType = sourcecode.swift; path = AlertsManger.swift; sourceTree = "<group>"; };
		8DAC3931FEEC3222909BEE38 /* Pods-BrightSkiesTests.debug.xcconfig */ = {isa = PBXFileReference; includeInIndex = 1; lastKnownFileType = text.xcconfig; name = "Pods-BrightSkiesTests.debug.xcconfig"; path = "Target Support Files/Pods-BrightSkiesTests/Pods-BrightSkiesTests.debug.xcconfig"; sourceTree = "<group>"; };
		9A8EBEA4C1AE4886D1690A77 /* Pods-BrightSkies.debug.xcconfig */ = {isa = PBXFileReference; includeInIndex = 1; lastKnownFileType = text.xcconfig; name = "Pods-BrightSkies.debug.xcconfig"; path = "Target Support Files/Pods-BrightSkies/Pods-BrightSkies.debug.xcconfig"; sourceTree = "<group>"; };
		9E07AC591C41C3D1977A1B13 /* Pods-BrightSkiesTests.release.xcconfig */ = {isa = PBXFileReference; includeInIndex = 1; lastKnownFileType = text.xcconfig; name = "Pods-BrightSkiesTests.release.xcconfig"; path = "Target Support Files/Pods-BrightSkiesTests/Pods-BrightSkiesTests.release.xcconfig"; sourceTree = "<group>"; };
		C21161AAC3EBC07006FBB1B6 /* Pods-BrightSkies-BrightSkiesUITests.debug.xcconfig */ = {isa = PBXFileReference; includeInIndex = 1; lastKnownFileType = text.xcconfig; name = "Pods-BrightSkies-BrightSkiesUITests.debug.xcconfig"; path = "Target Support Files/Pods-BrightSkies-BrightSkiesUITests/Pods-BrightSkies-BrightSkiesUITests.debug.xcconfig"; sourceTree = "<group>"; };
		D854508D87097A37975C2868 /* Pods-BrightSkies.release.xcconfig */ = {isa = PBXFileReference; includeInIndex = 1; lastKnownFileType = text.xcconfig; name = "Pods-BrightSkies.release.xcconfig"; path = "Target Support Files/Pods-BrightSkies/Pods-BrightSkies.release.xcconfig"; sourceTree = "<group>"; };
		E5ADFA2C60CC39AE6EEECDC4 /* Pods_BrightSkies.framework */ = {isa = PBXFileReference; explicitFileType = wrapper.framework; includeInIndex = 0; path = Pods_BrightSkies.framework; sourceTree = BUILT_PRODUCTS_DIR; };
		F9D307A129E44DC59F8BFF8F /* Pods_BrightSkies_BrightSkiesUITests.framework */ = {isa = PBXFileReference; explicitFileType = wrapper.framework; includeInIndex = 0; path = Pods_BrightSkies_BrightSkiesUITests.framework; sourceTree = BUILT_PRODUCTS_DIR; };
		FDB8DE60E369659FF8945570 /* Pods_BrightSkiesTests.framework */ = {isa = PBXFileReference; explicitFileType = wrapper.framework; includeInIndex = 0; path = Pods_BrightSkiesTests.framework; sourceTree = BUILT_PRODUCTS_DIR; };
/* End PBXFileReference section */

/* Begin PBXFrameworksBuildPhase section */
		48E941E62A89514D000D99DD /* Frameworks */ = {
			isa = PBXFrameworksBuildPhase;
			buildActionMask = 2147483647;
			files = (
				32E685B186DFCB3DEBDDFEF2 /* Pods_BrightSkies.framework in Frameworks */,
			);
			runOnlyForDeploymentPostprocessing = 0;
		};
		48E941FC2A89514F000D99DD /* Frameworks */ = {
			isa = PBXFrameworksBuildPhase;
			buildActionMask = 2147483647;
			files = (
				359FA8CBA8815AE5AE01D744 /* Pods_BrightSkiesTests.framework in Frameworks */,
			);
			runOnlyForDeploymentPostprocessing = 0;
		};
		48E942062A89514F000D99DD /* Frameworks */ = {
			isa = PBXFrameworksBuildPhase;
			buildActionMask = 2147483647;
			files = (
				373E1F6F6512A5F05E45D510 /* Pods_BrightSkies_BrightSkiesUITests.framework in Frameworks */,
			);
			runOnlyForDeploymentPostprocessing = 0;
		};
/* End PBXFrameworksBuildPhase section */

/* Begin PBXGroup section */
		0144B0E06324116AF31546FC /* Frameworks */ = {
			isa = PBXGroup;
			children = (
				E5ADFA2C60CC39AE6EEECDC4 /* Pods_BrightSkies.framework */,
				F9D307A129E44DC59F8BFF8F /* Pods_BrightSkies_BrightSkiesUITests.framework */,
				FDB8DE60E369659FF8945570 /* Pods_BrightSkiesTests.framework */,
			);
			name = Frameworks;
			sourceTree = "<group>";
		};
		39EF1E9084DBD8B8AB62E6A7 /* Pods */ = {
			isa = PBXGroup;
			children = (
				9A8EBEA4C1AE4886D1690A77 /* Pods-BrightSkies.debug.xcconfig */,
				D854508D87097A37975C2868 /* Pods-BrightSkies.release.xcconfig */,
				C21161AAC3EBC07006FBB1B6 /* Pods-BrightSkies-BrightSkiesUITests.debug.xcconfig */,
				17A920AFB2157B810F70D27C /* Pods-BrightSkies-BrightSkiesUITests.release.xcconfig */,
				8DAC3931FEEC3222909BEE38 /* Pods-BrightSkiesTests.debug.xcconfig */,
				9E07AC591C41C3D1977A1B13 /* Pods-BrightSkiesTests.release.xcconfig */,
			);
			path = Pods;
			sourceTree = "<group>";
		};
		4842FE1D2A90190800120BA3 /* Network */ = {
			isa = PBXGroup;
			children = (
				4842FE1E2A90190800120BA3 /* APIs.swift */,
				4842FE1F2A90190800120BA3 /* Models */,
				4842FE222A90190800120BA3 /* Reachability.swift */,
				4842FE232A90190800120BA3 /* WebServices.swift */,
				4842FE242A90190800120BA3 /* NetworkRequest.swift */,
			);
			path = Network;
			sourceTree = "<group>";
		};
		4842FE1F2A90190800120BA3 /* Models */ = {
			isa = PBXGroup;
			children = (
				4842FE202A90190800120BA3 /* Home */,
			);
			path = Models;
			sourceTree = "<group>";
		};
		4842FE202A90190800120BA3 /* Home */ = {
			isa = PBXGroup;
			children = (
				4842FE212A90190800120BA3 /* GeneralRespone.swift */,
			);
			path = Home;
			sourceTree = "<group>";
		};
		4842FE2A2A901A0100120BA3 /* Login */ = {
			isa = PBXGroup;
			children = (
				4842FE2B2A901A4500120BA3 /* LoginViewController.swift */,
			);
			path = Login;
			sourceTree = "<group>";
		};
		4842FE2F2A901A8400120BA3 /* HomeViewModel */ = {
			isa = PBXGroup;
			children = (
				4842FE312A901D0E00120BA3 /* HomeViewModel.swift */,
			);
			path = HomeViewModel;
			sourceTree = "<group>";
		};
		4842FE302A901A8F00120BA3 /* LoginViewModel */ = {
			isa = PBXGroup;
			children = (
				4842FE332A901D3A00120BA3 /* LoginViewModel.swift */,
			);
			path = LoginViewModel;
			sourceTree = "<group>";
		};
		48449C6A2A896F5100B2FBF2 /* Extension */ = {
			isa = PBXGroup;
			children = (
				48E9443F2A896860000D99DD /* AlertsManger.swift */,
			);
			path = Extension;
			sourceTree = "<group>";
		};
		48449C6C2A8970B200B2FBF2 /* AppDelgate */ = {
			isa = PBXGroup;
			children = (
				48E941EC2A89514D000D99DD /* AppDelegate.swift */,
				48E941EE2A89514D000D99DD /* SceneDelegate.swift */,
			);
			path = AppDelgate;
			sourceTree = "<group>";
		};
		48449C6F2A89719900B2FBF2 /* Views */ = {
			isa = PBXGroup;
			children = (
				48449C702A8971A700B2FBF2 /* Storyboards */,
			);
			path = Views;
			sourceTree = "<group>";
		};
		48449C702A8971A700B2FBF2 /* Storyboards */ = {
			isa = PBXGroup;
			children = (
				48E941F72A89514E000D99DD /* LaunchScreen.storyboard */,
				48E941F22A89514D000D99DD /* Home.storyboard */,
				4842FE2D2A901A7300120BA3 /* Login.storyboard */,
			);
			path = Storyboards;
			sourceTree = "<group>";
		};
		48449C722A8971F700B2FBF2 /* ViewsModel */ = {
			isa = PBXGroup;
			children = (
				4842FE302A901A8F00120BA3 /* LoginViewModel */,
				4842FE2F2A901A8400120BA3 /* HomeViewModel */,
			);
			path = ViewsModel;
			sourceTree = "<group>";
		};
		48449C752A89723C00B2FBF2 /* Controllers */ = {
			isa = PBXGroup;
			children = (
				4842FE2A2A901A0100120BA3 /* Login */,
				48449C762A89724700B2FBF2 /* Home */,
			);
			path = Controllers;
			sourceTree = "<group>";
		};
		48449C762A89724700B2FBF2 /* Home */ = {
			isa = PBXGroup;
			children = (
				48E941F02A89514D000D99DD /* HomeViewController.swift */,
			);
			path = Home;
			sourceTree = "<group>";
		};
		48449C782A89727100B2FBF2 /* Resources */ = {
			isa = PBXGroup;
			children = (
				48E941F52A89514E000D99DD /* Assets.xcassets */,
				48E941FA2A89514E000D99DD /* Info.plist */,
			);
			path = Resources;
			sourceTree = "<group>";
		};
		48E941E02A89514D000D99DD = {
			isa = PBXGroup;
			children = (
				48E941EB2A89514D000D99DD /* BrightSkies */,
				48E942022A89514F000D99DD /* BrightSkiesTests */,
				48E9420C2A89514F000D99DD /* BrightSkiesUITests */,
				48E941EA2A89514D000D99DD /* Products */,
				39EF1E9084DBD8B8AB62E6A7 /* Pods */,
				0144B0E06324116AF31546FC /* Frameworks */,
			);
			sourceTree = "<group>";
		};
		48E941EA2A89514D000D99DD /* Products */ = {
			isa = PBXGroup;
			children = (
				48E941E92A89514D000D99DD /* BrightSkies.app */,
				48E941FF2A89514F000D99DD /* BrightSkiesTests.xctest */,
				48E942092A89514F000D99DD /* BrightSkiesUITests.xctest */,
			);
			name = Products;
			sourceTree = "<group>";
		};
		48E941EB2A89514D000D99DD /* BrightSkies */ = {
			isa = PBXGroup;
			children = (
				48449C6C2A8970B200B2FBF2 /* AppDelgate */,
				48E9443E2A896860000D99DD /* Helper */,
				4842FE1D2A90190800120BA3 /* Network */,
				48449C6F2A89719900B2FBF2 /* Views */,
				48449C722A8971F700B2FBF2 /* ViewsModel */,
				48449C752A89723C00B2FBF2 /* Controllers */,
				48449C782A89727100B2FBF2 /* Resources */,
			);
			path = BrightSkies;
			sourceTree = "<group>";
		};
		48E942022A89514F000D99DD /* BrightSkiesTests */ = {
			isa = PBXGroup;
			children = (
				48E942032A89514F000D99DD /* BrightSkiesTests.swift */,
			);
			path = BrightSkiesTests;
			sourceTree = "<group>";
		};
		48E9420C2A89514F000D99DD /* BrightSkiesUITests */ = {
			isa = PBXGroup;
			children = (
				48E9420D2A89514F000D99DD /* BrightSkiesUITests.swift */,
				48E9420F2A89514F000D99DD /* BrightSkiesUITestsLaunchTests.swift */,
			);
			path = BrightSkiesUITests;
			sourceTree = "<group>";
		};
		48E9443E2A896860000D99DD /* Helper */ = {
			isa = PBXGroup;
			children = (
				48449C6A2A896F5100B2FBF2 /* Extension */,
			);
			path = Helper;
			sourceTree = "<group>";
		};
/* End PBXGroup section */

/* Begin PBXNativeTarget section */
		48E941E82A89514D000D99DD /* BrightSkies */ = {
			isa = PBXNativeTarget;
			buildConfigurationList = 48E942132A89514F000D99DD /* Build configuration list for PBXNativeTarget "BrightSkies" */;
			buildPhases = (
				D88EE33083826BE05F6F4F94 /* [CP] Check Pods Manifest.lock */,
				48E941E52A89514D000D99DD /* Sources */,
				48E941E62A89514D000D99DD /* Frameworks */,
				48E941E72A89514D000D99DD /* Resources */,
				2AA9810CE7AB246B5D8E8ACA /* [CP] Embed Pods Frameworks */,
			);
			buildRules = (
			);
			dependencies = (
			);
			name = BrightSkies;
			productName = BrightSkies;
			productReference = 48E941E92A89514D000D99DD /* BrightSkies.app */;
			productType = "com.apple.product-type.application";
		};
		48E941FE2A89514F000D99DD /* BrightSkiesTests */ = {
			isa = PBXNativeTarget;
			buildConfigurationList = 48E942162A89514F000D99DD /* Build configuration list for PBXNativeTarget "BrightSkiesTests" */;
			buildPhases = (
				5C2331FD215F0905EFE2E7DD /* [CP] Check Pods Manifest.lock */,
				48E941FB2A89514F000D99DD /* Sources */,
				48E941FC2A89514F000D99DD /* Frameworks */,
				48E941FD2A89514F000D99DD /* Resources */,
			);
			buildRules = (
			);
			dependencies = (
				48E942012A89514F000D99DD /* PBXTargetDependency */,
			);
			name = BrightSkiesTests;
			productName = BrightSkiesTests;
			productReference = 48E941FF2A89514F000D99DD /* BrightSkiesTests.xctest */;
			productType = "com.apple.product-type.bundle.unit-test";
		};
		48E942082A89514F000D99DD /* BrightSkiesUITests */ = {
			isa = PBXNativeTarget;
			buildConfigurationList = 48E942192A89514F000D99DD /* Build configuration list for PBXNativeTarget "BrightSkiesUITests" */;
			buildPhases = (
				A5B790BF5087CE78D469DDE6 /* [CP] Check Pods Manifest.lock */,
				48E942052A89514F000D99DD /* Sources */,
				48E942062A89514F000D99DD /* Frameworks */,
				48E942072A89514F000D99DD /* Resources */,
				D9B070801D281AFD69B32956 /* [CP] Embed Pods Frameworks */,
			);
			buildRules = (
			);
			dependencies = (
				48E9420B2A89514F000D99DD /* PBXTargetDependency */,
			);
			name = BrightSkiesUITests;
			productName = BrightSkiesUITests;
			productReference = 48E942092A89514F000D99DD /* BrightSkiesUITests.xctest */;
			productType = "com.apple.product-type.bundle.ui-testing";
		};
/* End PBXNativeTarget section */

/* Begin PBXProject section */
		48E941E12A89514D000D99DD /* Project object */ = {
			isa = PBXProject;
			attributes = {
				BuildIndependentTargetsInParallel = 1;
				LastSwiftUpdateCheck = 1430;
				LastUpgradeCheck = 1430;
				TargetAttributes = {
					48E941E82A89514D000D99DD = {
						CreatedOnToolsVersion = 14.3.1;
					};
					48E941FE2A89514F000D99DD = {
						CreatedOnToolsVersion = 14.3.1;
						TestTargetID = 48E941E82A89514D000D99DD;
					};
					48E942082A89514F000D99DD = {
						CreatedOnToolsVersion = 14.3.1;
						TestTargetID = 48E941E82A89514D000D99DD;
					};
				};
			};
			buildConfigurationList = 48E941E42A89514D000D99DD /* Build configuration list for PBXProject "BrightSkies" */;
			compatibilityVersion = "Xcode 14.0";
			developmentRegion = en;
			hasScannedForEncodings = 0;
			knownRegions = (
				en,
				Base,
			);
			mainGroup = 48E941E02A89514D000D99DD;
			productRefGroup = 48E941EA2A89514D000D99DD /* Products */;
			projectDirPath = "";
			projectRoot = "";
			targets = (
				48E941E82A89514D000D99DD /* BrightSkies */,
				48E941FE2A89514F000D99DD /* BrightSkiesTests */,
				48E942082A89514F000D99DD /* BrightSkiesUITests */,
			);
		};
/* End PBXProject section */

/* Begin PBXResourcesBuildPhase section */
		48E941E72A89514D000D99DD /* Resources */ = {
			isa = PBXResourcesBuildPhase;
			buildActionMask = 2147483647;
			files = (
				4842FE2E2A901A7300120BA3 /* Login.storyboard in Resources */,
				48E941F92A89514E000D99DD /* LaunchScreen.storyboard in Resources */,
				48E941F62A89514E000D99DD /* Assets.xcassets in Resources */,
				48E941F42A89514D000D99DD /* Home.storyboard in Resources */,
			);
			runOnlyForDeploymentPostprocessing = 0;
		};
		48E941FD2A89514F000D99DD /* Resources */ = {
			isa = PBXResourcesBuildPhase;
			buildActionMask = 2147483647;
			files = (
			);
			runOnlyForDeploymentPostprocessing = 0;
		};
		48E942072A89514F000D99DD /* Resources */ = {
			isa = PBXResourcesBuildPhase;
			buildActionMask = 2147483647;
			files = (
			);
			runOnlyForDeploymentPostprocessing = 0;
		};
/* End PBXResourcesBuildPhase section */

/* Begin PBXShellScriptBuildPhase section */
		2AA9810CE7AB246B5D8E8ACA /* [CP] Embed Pods Frameworks */ = {
			isa = PBXShellScriptBuildPhase;
			buildActionMask = 2147483647;
			files = (
			);
			inputFileListPaths = (
				"${PODS_ROOT}/Target Support Files/Pods-BrightSkies/Pods-BrightSkies-frameworks-${CONFIGURATION}-input-files.xcfilelist",
			);
			name = "[CP] Embed Pods Frameworks";
			outputFileListPaths = (
				"${PODS_ROOT}/Target Support Files/Pods-BrightSkies/Pods-BrightSkies-frameworks-${CONFIGURATION}-output-files.xcfilelist",
			);
			runOnlyForDeploymentPostprocessing = 0;
			shellPath = /bin/sh;
			shellScript = "\"${PODS_ROOT}/Target Support Files/Pods-BrightSkies/Pods-BrightSkies-frameworks.sh\"\n";
			showEnvVarsInLog = 0;
		};
		5C2331FD215F0905EFE2E7DD /* [CP] Check Pods Manifest.lock */ = {
			isa = PBXShellScriptBuildPhase;
			buildActionMask = 2147483647;
			files = (
			);
			inputFileListPaths = (
			);
			inputPaths = (
				"${PODS_PODFILE_DIR_PATH}/Podfile.lock",
				"${PODS_ROOT}/Manifest.lock",
			);
			name = "[CP] Check Pods Manifest.lock";
			outputFileListPaths = (
			);
			outputPaths = (
				"$(DERIVED_FILE_DIR)/Pods-BrightSkiesTests-checkManifestLockResult.txt",
			);
			runOnlyForDeploymentPostprocessing = 0;
			shellPath = /bin/sh;
			shellScript = "diff \"${PODS_PODFILE_DIR_PATH}/Podfile.lock\" \"${PODS_ROOT}/Manifest.lock\" > /dev/null\nif [ $? != 0 ] ; then\n    # print error to STDERR\n    echo \"error: The sandbox is not in sync with the Podfile.lock. Run 'pod install' or update your CocoaPods installation.\" >&2\n    exit 1\nfi\n# This output is used by Xcode 'outputs' to avoid re-running this script phase.\necho \"SUCCESS\" > \"${SCRIPT_OUTPUT_FILE_0}\"\n";
			showEnvVarsInLog = 0;
		};
		A5B790BF5087CE78D469DDE6 /* [CP] Check Pods Manifest.lock */ = {
			isa = PBXShellScriptBuildPhase;
			buildActionMask = 2147483647;
			files = (
			);
			inputFileListPaths = (
			);
			inputPaths = (
				"${PODS_PODFILE_DIR_PATH}/Podfile.lock",
				"${PODS_ROOT}/Manifest.lock",
			);
			name = "[CP] Check Pods Manifest.lock";
			outputFileListPaths = (
			);
			outputPaths = (
				"$(DERIVED_FILE_DIR)/Pods-BrightSkies-BrightSkiesUITests-checkManifestLockResult.txt",
			);
			runOnlyForDeploymentPostprocessing = 0;
			shellPath = /bin/sh;
			shellScript = "diff \"${PODS_PODFILE_DIR_PATH}/Podfile.lock\" \"${PODS_ROOT}/Manifest.lock\" > /dev/null\nif [ $? != 0 ] ; then\n    # print error to STDERR\n    echo \"error: The sandbox is not in sync with the Podfile.lock. Run 'pod install' or update your CocoaPods installation.\" >&2\n    exit 1\nfi\n# This output is used by Xcode 'outputs' to avoid re-running this script phase.\necho \"SUCCESS\" > \"${SCRIPT_OUTPUT_FILE_0}\"\n";
			showEnvVarsInLog = 0;
		};
		D88EE33083826BE05F6F4F94 /* [CP] Check Pods Manifest.lock */ = {
			isa = PBXShellScriptBuildPhase;
			buildActionMask = 2147483647;
			files = (
			);
			inputFileListPaths = (
			);
			inputPaths = (
				"${PODS_PODFILE_DIR_PATH}/Podfile.lock",
				"${PODS_ROOT}/Manifest.lock",
			);
			name = "[CP] Check Pods Manifest.lock";
			outputFileListPaths = (
			);
			outputPaths = (
				"$(DERIVED_FILE_DIR)/Pods-BrightSkies-checkManifestLockResult.txt",
			);
			runOnlyForDeploymentPostprocessing = 0;
			shellPath = /bin/sh;
			shellScript = "diff \"${PODS_PODFILE_DIR_PATH}/Podfile.lock\" \"${PODS_ROOT}/Manifest.lock\" > /dev/null\nif [ $? != 0 ] ; then\n    # print error to STDERR\n    echo \"error: The sandbox is not in sync with the Podfile.lock. Run 'pod install' or update your CocoaPods installation.\" >&2\n    exit 1\nfi\n# This output is used by Xcode 'outputs' to avoid re-running this script phase.\necho \"SUCCESS\" > \"${SCRIPT_OUTPUT_FILE_0}\"\n";
			showEnvVarsInLog = 0;
		};
		D9B070801D281AFD69B32956 /* [CP] Embed Pods Frameworks */ = {
			isa = PBXShellScriptBuildPhase;
			buildActionMask = 2147483647;
			files = (
			);
			inputFileListPaths = (
				"${PODS_ROOT}/Target Support Files/Pods-BrightSkies-BrightSkiesUITests/Pods-BrightSkies-BrightSkiesUITests-frameworks-${CONFIGURATION}-input-files.xcfilelist",
			);
			name = "[CP] Embed Pods Frameworks";
			outputFileListPaths = (
				"${PODS_ROOT}/Target Support Files/Pods-BrightSkies-BrightSkiesUITests/Pods-BrightSkies-BrightSkiesUITests-frameworks-${CONFIGURATION}-output-files.xcfilelist",
			);
			runOnlyForDeploymentPostprocessing = 0;
			shellPath = /bin/sh;
			shellScript = "\"${PODS_ROOT}/Target Support Files/Pods-BrightSkies-BrightSkiesUITests/Pods-BrightSkies-BrightSkiesUITests-frameworks.sh\"\n";
			showEnvVarsInLog = 0;
		};
/* End PBXShellScriptBuildPhase section */

/* Begin PBXSourcesBuildPhase section */
		48E941E52A89514D000D99DD /* Sources */ = {
			isa = PBXSourcesBuildPhase;
			buildActionMask = 2147483647;
			files = (
				4842FE272A90190800120BA3 /* Reachability.swift in Sources */,
				4842FE322A901D0E00120BA3 /* HomeViewModel.swift in Sources */,
				48E944402A896860000D99DD /* AlertsManger.swift in Sources */,
				4842FE262A90190800120BA3 /* GeneralRespone.swift in Sources */,
				48E941F12A89514D000D99DD /* HomeViewController.swift in Sources */,
				48E941ED2A89514D000D99DD /* AppDelegate.swift in Sources */,
				4842FE252A90190800120BA3 /* APIs.swift in Sources */,
				4842FE342A901D3A00120BA3 /* LoginViewModel.swift in Sources */,
				4842FE282A90190800120BA3 /* WebServices.swift in Sources */,
				4842FE292A90190800120BA3 /* NetworkRequest.swift in Sources */,
				4842FE2C2A901A4500120BA3 /* LoginViewController.swift in Sources */,
				48E941EF2A89514D000D99DD /* SceneDelegate.swift in Sources */,
			);
			runOnlyForDeploymentPostprocessing = 0;
		};
		48E941FB2A89514F000D99DD /* Sources */ = {
			isa = PBXSourcesBuildPhase;
			buildActionMask = 2147483647;
			files = (
				48E942042A89514F000D99DD /* BrightSkiesTests.swift in Sources */,
			);
			runOnlyForDeploymentPostprocessing = 0;
		};
		48E942052A89514F000D99DD /* Sources */ = {
			isa = PBXSourcesBuildPhase;
			buildActionMask = 2147483647;
			files = (
				48E942102A89514F000D99DD /* BrightSkiesUITestsLaunchTests.swift in Sources */,
				48E9420E2A89514F000D99DD /* BrightSkiesUITests.swift in Sources */,
			);
			runOnlyForDeploymentPostprocessing = 0;
		};
/* End PBXSourcesBuildPhase section */

/* Begin PBXTargetDependency section */
		48E942012A89514F000D99DD /* PBXTargetDependency */ = {
			isa = PBXTargetDependency;
			target = 48E941E82A89514D000D99DD /* BrightSkies */;
			targetProxy = 48E942002A89514F000D99DD /* PBXContainerItemProxy */;
		};
		48E9420B2A89514F000D99DD /* PBXTargetDependency */ = {
			isa = PBXTargetDependency;
			target = 48E941E82A89514D000D99DD /* BrightSkies */;
			targetProxy = 48E9420A2A89514F000D99DD /* PBXContainerItemProxy */;
		};
/* End PBXTargetDependency section */

/* Begin PBXVariantGroup section */
		48E941F22A89514D000D99DD /* Home.storyboard */ = {
			isa = PBXVariantGroup;
			children = (
				48E941F32A89514D000D99DD /* Base */,
			);
			name = Home.storyboard;
			sourceTree = "<group>";
		};
		48E941F72A89514E000D99DD /* LaunchScreen.storyboard */ = {
			isa = PBXVariantGroup;
			children = (
				48E941F82A89514E000D99DD /* Base */,
			);
			name = LaunchScreen.storyboard;
			sourceTree = "<group>";
		};
/* End PBXVariantGroup section */

/* Begin XCBuildConfiguration section */
		48E942112A89514F000D99DD /* Debug */ = {
			isa = XCBuildConfiguration;
			buildSettings = {
				ALWAYS_SEARCH_USER_PATHS = NO;
				CLANG_ANALYZER_NONNULL = YES;
				CLANG_ANALYZER_NUMBER_OBJECT_CONVERSION = YES_AGGRESSIVE;
				CLANG_CXX_LANGUAGE_STANDARD = "gnu++20";
				CLANG_ENABLE_MODULES = YES;
				CLANG_ENABLE_OBJC_ARC = YES;
				CLANG_ENABLE_OBJC_WEAK = YES;
				CLANG_WARN_BLOCK_CAPTURE_AUTORELEASING = YES;
				CLANG_WARN_BOOL_CONVERSION = YES;
				CLANG_WARN_COMMA = YES;
				CLANG_WARN_CONSTANT_CONVERSION = YES;
				CLANG_WARN_DEPRECATED_OBJC_IMPLEMENTATIONS = YES;
				CLANG_WARN_DIRECT_OBJC_ISA_USAGE = YES_ERROR;
				CLANG_WARN_DOCUMENTATION_COMMENTS = YES;
				CLANG_WARN_EMPTY_BODY = YES;
				CLANG_WARN_ENUM_CONVERSION = YES;
				CLANG_WARN_INFINITE_RECURSION = YES;
				CLANG_WARN_INT_CONVERSION = YES;
				CLANG_WARN_NON_LITERAL_NULL_CONVERSION = YES;
				CLANG_WARN_OBJC_IMPLICIT_RETAIN_SELF = YES;
				CLANG_WARN_OBJC_LITERAL_CONVERSION = YES;
				CLANG_WARN_OBJC_ROOT_CLASS = YES_ERROR;
				CLANG_WARN_QUOTED_INCLUDE_IN_FRAMEWORK_HEADER = YES;
				CLANG_WARN_RANGE_LOOP_ANALYSIS = YES;
				CLANG_WARN_STRICT_PROTOTYPES = YES;
				CLANG_WARN_SUSPICIOUS_MOVE = YES;
				CLANG_WARN_UNGUARDED_AVAILABILITY = YES_AGGRESSIVE;
				CLANG_WARN_UNREACHABLE_CODE = YES;
				CLANG_WARN__DUPLICATE_METHOD_MATCH = YES;
				COPY_PHASE_STRIP = NO;
				DEBUG_INFORMATION_FORMAT = dwarf;
				ENABLE_STRICT_OBJC_MSGSEND = YES;
				ENABLE_TESTABILITY = YES;
				GCC_C_LANGUAGE_STANDARD = gnu11;
				GCC_DYNAMIC_NO_PIC = NO;
				GCC_NO_COMMON_BLOCKS = YES;
				GCC_OPTIMIZATION_LEVEL = 0;
				GCC_PREPROCESSOR_DEFINITIONS = (
					"DEBUG=1",
					"$(inherited)",
				);
				GCC_WARN_64_TO_32_BIT_CONVERSION = YES;
				GCC_WARN_ABOUT_RETURN_TYPE = YES_ERROR;
				GCC_WARN_UNDECLARED_SELECTOR = YES;
				GCC_WARN_UNINITIALIZED_AUTOS = YES_AGGRESSIVE;
				GCC_WARN_UNUSED_FUNCTION = YES;
				GCC_WARN_UNUSED_VARIABLE = YES;
				IPHONEOS_DEPLOYMENT_TARGET = 16.4;
				MTL_ENABLE_DEBUG_INFO = INCLUDE_SOURCE;
				MTL_FAST_MATH = YES;
				ONLY_ACTIVE_ARCH = YES;
				SDKROOT = iphoneos;
				SWIFT_ACTIVE_COMPILATION_CONDITIONS = DEBUG;
				SWIFT_OPTIMIZATION_LEVEL = "-Onone";
			};
			name = Debug;
		};
		48E942122A89514F000D99DD /* Release */ = {
			isa = XCBuildConfiguration;
			buildSettings = {
				ALWAYS_SEARCH_USER_PATHS = NO;
				CLANG_ANALYZER_NONNULL = YES;
				CLANG_ANALYZER_NUMBER_OBJECT_CONVERSION = YES_AGGRESSIVE;
				CLANG_CXX_LANGUAGE_STANDARD = "gnu++20";
				CLANG_ENABLE_MODULES = YES;
				CLANG_ENABLE_OBJC_ARC = YES;
				CLANG_ENABLE_OBJC_WEAK = YES;
				CLANG_WARN_BLOCK_CAPTURE_AUTORELEASING = YES;
				CLANG_WARN_BOOL_CONVERSION = YES;
				CLANG_WARN_COMMA = YES;
				CLANG_WARN_CONSTANT_CONVERSION = YES;
				CLANG_WARN_DEPRECATED_OBJC_IMPLEMENTATIONS = YES;
				CLANG_WARN_DIRECT_OBJC_ISA_USAGE = YES_ERROR;
				CLANG_WARN_DOCUMENTATION_COMMENTS = YES;
				CLANG_WARN_EMPTY_BODY = YES;
				CLANG_WARN_ENUM_CONVERSION = YES;
				CLANG_WARN_INFINITE_RECURSION = YES;
				CLANG_WARN_INT_CONVERSION = YES;
				CLANG_WARN_NON_LITERAL_NULL_CONVERSION = YES;
				CLANG_WARN_OBJC_IMPLICIT_RETAIN_SELF = YES;
				CLANG_WARN_OBJC_LITERAL_CONVERSION = YES;
				CLANG_WARN_OBJC_ROOT_CLASS = YES_ERROR;
				CLANG_WARN_QUOTED_INCLUDE_IN_FRAMEWORK_HEADER = YES;
				CLANG_WARN_RANGE_LOOP_ANALYSIS = YES;
				CLANG_WARN_STRICT_PROTOTYPES = YES;
				CLANG_WARN_SUSPICIOUS_MOVE = YES;
				CLANG_WARN_UNGUARDED_AVAILABILITY = YES_AGGRESSIVE;
				CLANG_WARN_UNREACHABLE_CODE = YES;
				CLANG_WARN__DUPLICATE_METHOD_MATCH = YES;
				COPY_PHASE_STRIP = NO;
				DEBUG_INFORMATION_FORMAT = "dwarf-with-dsym";
				ENABLE_NS_ASSERTIONS = NO;
				ENABLE_STRICT_OBJC_MSGSEND = YES;
				GCC_C_LANGUAGE_STANDARD = gnu11;
				GCC_NO_COMMON_BLOCKS = YES;
				GCC_WARN_64_TO_32_BIT_CONVERSION = YES;
				GCC_WARN_ABOUT_RETURN_TYPE = YES_ERROR;
				GCC_WARN_UNDECLARED_SELECTOR = YES;
				GCC_WARN_UNINITIALIZED_AUTOS = YES_AGGRESSIVE;
				GCC_WARN_UNUSED_FUNCTION = YES;
				GCC_WARN_UNUSED_VARIABLE = YES;
				IPHONEOS_DEPLOYMENT_TARGET = 16.4;
				MTL_ENABLE_DEBUG_INFO = NO;
				MTL_FAST_MATH = YES;
				SDKROOT = iphoneos;
				SWIFT_COMPILATION_MODE = wholemodule;
				SWIFT_OPTIMIZATION_LEVEL = "-O";
				VALIDATE_PRODUCT = YES;
			};
			name = Release;
		};
		48E942142A89514F000D99DD /* Debug */ = {
			isa = XCBuildConfiguration;
			baseConfigurationReference = 9A8EBEA4C1AE4886D1690A77 /* Pods-BrightSkies.debug.xcconfig */;
			buildSettings = {
				ASSETCATALOG_COMPILER_APPICON_NAME = AppIcon;
				ASSETCATALOG_COMPILER_GLOBAL_ACCENT_COLOR_NAME = AccentColor;
				CODE_SIGN_STYLE = Automatic;
				CURRENT_PROJECT_VERSION = 1;
				DEVELOPMENT_TEAM = Y9W5C9435Y;
				GENERATE_INFOPLIST_FILE = YES;
				INFOPLIST_FILE = BrightSkies/Resources/Info.plist;
				INFOPLIST_KEY_UIApplicationSupportsIndirectInputEvents = YES;
				INFOPLIST_KEY_UILaunchStoryboardName = LaunchScreen;
				INFOPLIST_KEY_UIMainStoryboardFile = Main;
				INFOPLIST_KEY_UISupportedInterfaceOrientations_iPad = "UIInterfaceOrientationPortrait UIInterfaceOrientationPortraitUpsideDown UIInterfaceOrientationLandscapeLeft UIInterfaceOrientationLandscapeRight";
				INFOPLIST_KEY_UISupportedInterfaceOrientations_iPhone = "UIInterfaceOrientationPortrait UIInterfaceOrientationLandscapeLeft UIInterfaceOrientationLandscapeRight";
				LD_RUNPATH_SEARCH_PATHS = (
					"$(inherited)",
					"@executable_path/Frameworks",
				);
				MARKETING_VERSION = 1.0;
				PRODUCT_BUNDLE_IDENTIFIER = com.mine.BrightSkies;
				PRODUCT_NAME = "$(TARGET_NAME)";
				SWIFT_EMIT_LOC_STRINGS = YES;
				SWIFT_VERSION = 5.0;
				TARGETED_DEVICE_FAMILY = "1,2";
			};
			name = Debug;
		};
		48E942152A89514F000D99DD /* Release */ = {
			isa = XCBuildConfiguration;
			baseConfigurationReference = D854508D87097A37975C2868 /* Pods-BrightSkies.release.xcconfig */;
			buildSettings = {
				ASSETCATALOG_COMPILER_APPICON_NAME = AppIcon;
				ASSETCATALOG_COMPILER_GLOBAL_ACCENT_COLOR_NAME = AccentColor;
				CODE_SIGN_STYLE = Automatic;
				CURRENT_PROJECT_VERSION = 1;
				DEVELOPMENT_TEAM = Y9W5C9435Y;
				GENERATE_INFOPLIST_FILE = YES;
				INFOPLIST_FILE = BrightSkies/Resources/Info.plist;
				INFOPLIST_KEY_UIApplicationSupportsIndirectInputEvents = YES;
				INFOPLIST_KEY_UILaunchStoryboardName = LaunchScreen;
				INFOPLIST_KEY_UIMainStoryboardFile = Main;
				INFOPLIST_KEY_UISupportedInterfaceOrientations_iPad = "UIInterfaceOrientationPortrait UIInterfaceOrientationPortraitUpsideDown UIInterfaceOrientationLandscapeLeft UIInterfaceOrientationLandscapeRight";
				INFOPLIST_KEY_UISupportedInterfaceOrientations_iPhone = "UIInterfaceOrientationPortrait UIInterfaceOrientationLandscapeLeft UIInterfaceOrientationLandscapeRight";
				LD_RUNPATH_SEARCH_PATHS = (
					"$(inherited)",
					"@executable_path/Frameworks",
				);
				MARKETING_VERSION = 1.0;
				PRODUCT_BUNDLE_IDENTIFIER = com.mine.BrightSkies;
				PRODUCT_NAME = "$(TARGET_NAME)";
				SWIFT_EMIT_LOC_STRINGS = YES;
				SWIFT_VERSION = 5.0;
				TARGETED_DEVICE_FAMILY = "1,2";
			};
			name = Release;
		};
		48E942172A89514F000D99DD /* Debug */ = {
			isa = XCBuildConfiguration;
			baseConfigurationReference = 8DAC3931FEEC3222909BEE38 /* Pods-BrightSkiesTests.debug.xcconfig */;
			buildSettings = {
				ALWAYS_EMBED_SWIFT_STANDARD_LIBRARIES = YES;
				BUNDLE_LOADER = "$(TEST_HOST)";
				CODE_SIGN_STYLE = Automatic;
				CURRENT_PROJECT_VERSION = 1;
				DEVELOPMENT_TEAM = Y9W5C9435Y;
				GENERATE_INFOPLIST_FILE = YES;
				IPHONEOS_DEPLOYMENT_TARGET = 16.4;
				MARKETING_VERSION = 1.0;
				PRODUCT_BUNDLE_IDENTIFIER = com.mine.BrightSkiesTests;
				PRODUCT_NAME = "$(TARGET_NAME)";
				SWIFT_EMIT_LOC_STRINGS = NO;
				SWIFT_VERSION = 5.0;
				TARGETED_DEVICE_FAMILY = "1,2";
				TEST_HOST = "$(BUILT_PRODUCTS_DIR)/BrightSkies.app/$(BUNDLE_EXECUTABLE_FOLDER_PATH)/BrightSkies";
			};
			name = Debug;
		};
		48E942182A89514F000D99DD /* Release */ = {
			isa = XCBuildConfiguration;
			baseConfigurationReference = 9E07AC591C41C3D1977A1B13 /* Pods-BrightSkiesTests.release.xcconfig */;
			buildSettings = {
				ALWAYS_EMBED_SWIFT_STANDARD_LIBRARIES = YES;
				BUNDLE_LOADER = "$(TEST_HOST)";
				CODE_SIGN_STYLE = Automatic;
				CURRENT_PROJECT_VERSION = 1;
				DEVELOPMENT_TEAM = Y9W5C9435Y;
				GENERATE_INFOPLIST_FILE = YES;
				IPHONEOS_DEPLOYMENT_TARGET = 16.4;
				MARKETING_VERSION = 1.0;
				PRODUCT_BUNDLE_IDENTIFIER = com.mine.BrightSkiesTests;
				PRODUCT_NAME = "$(TARGET_NAME)";
				SWIFT_EMIT_LOC_STRINGS = NO;
				SWIFT_VERSION = 5.0;
				TARGETED_DEVICE_FAMILY = "1,2";
				TEST_HOST = "$(BUILT_PRODUCTS_DIR)/BrightSkies.app/$(BUNDLE_EXECUTABLE_FOLDER_PATH)/BrightSkies";
			};
			name = Release;
		};
		48E9421A2A89514F000D99DD /* Debug */ = {
			isa = XCBuildConfiguration;
			baseConfigurationReference = C21161AAC3EBC07006FBB1B6 /* Pods-BrightSkies-BrightSkiesUITests.debug.xcconfig */;
			buildSettings = {
				ALWAYS_EMBED_SWIFT_STANDARD_LIBRARIES = YES;
				CODE_SIGN_STYLE = Automatic;
				CURRENT_PROJECT_VERSION = 1;
				DEVELOPMENT_TEAM = Y9W5C9435Y;
				GENERATE_INFOPLIST_FILE = YES;
				MARKETING_VERSION = 1.0;
				PRODUCT_BUNDLE_IDENTIFIER = com.mine.BrightSkiesUITests;
				PRODUCT_NAME = "$(TARGET_NAME)";
				SWIFT_EMIT_LOC_STRINGS = NO;
				SWIFT_VERSION = 5.0;
				TARGETED_DEVICE_FAMILY = "1,2";
				TEST_TARGET_NAME = BrightSkies;
			};
			name = Debug;
		};
		48E9421B2A89514F000D99DD /* Release */ = {
			isa = XCBuildConfiguration;
			baseConfigurationReference = 17A920AFB2157B810F70D27C /* Pods-BrightSkies-BrightSkiesUITests.release.xcconfig */;
			buildSettings = {
				ALWAYS_EMBED_SWIFT_STANDARD_LIBRARIES = YES;
				CODE_SIGN_STYLE = Automatic;
				CURRENT_PROJECT_VERSION = 1;
				DEVELOPMENT_TEAM = Y9W5C9435Y;
				GENERATE_INFOPLIST_FILE = YES;
				MARKETING_VERSION = 1.0;
				PRODUCT_BUNDLE_IDENTIFIER = com.mine.BrightSkiesUITests;
				PRODUCT_NAME = "$(TARGET_NAME)";
				SWIFT_EMIT_LOC_STRINGS = NO;
				SWIFT_VERSION = 5.0;
				TARGETED_DEVICE_FAMILY = "1,2";
				TEST_TARGET_NAME = BrightSkies;
			};
			name = Release;
		};
/* End XCBuildConfiguration section */

/* Begin XCConfigurationList section */
		48E941E42A89514D000D99DD /* Build configuration list for PBXProject "BrightSkies" */ = {
			isa = XCConfigurationList;
			buildConfigurations = (
				48E942112A89514F000D99DD /* Debug */,
				48E942122A89514F000D99DD /* Release */,
			);
			defaultConfigurationIsVisible = 0;
			defaultConfigurationName = Release;
		};
		48E942132A89514F000D99DD /* Build configuration list for PBXNativeTarget "BrightSkies" */ = {
			isa = XCConfigurationList;
			buildConfigurations = (
				48E942142A89514F000D99DD /* Debug */,
				48E942152A89514F000D99DD /* Release */,
			);
			defaultConfigurationIsVisible = 0;
			defaultConfigurationName = Release;
		};
		48E942162A89514F000D99DD /* Build configuration list for PBXNativeTarget "BrightSkiesTests" */ = {
			isa = XCConfigurationList;
			buildConfigurations = (
				48E942172A89514F000D99DD /* Debug */,
				48E942182A89514F000D99DD /* Release */,
			);
			defaultConfigurationIsVisible = 0;
			defaultConfigurationName = Release;
		};
		48E942192A89514F000D99DD /* Build configuration list for PBXNativeTarget "BrightSkiesUITests" */ = {
			isa = XCConfigurationList;
			buildConfigurations = (
				48E9421A2A89514F000D99DD /* Debug */,
				48E9421B2A89514F000D99DD /* Release */,
			);
			defaultConfigurationIsVisible = 0;
			defaultConfigurationName = Release;
		};
/* End XCConfigurationList section */
	};
	rootObject = 48E941E12A89514D000D99DD /* Project object */;
}
